# Konclave — engine/versions.lock
#
# Deterministic pin of the official Zcash Foundation tools (Layer 1 — Engine).
# Policy: build from source at a fixed git rev; never follow `main`. Bumps are deliberate.
#
# Verified and pinned in Phase 1A (2026-06-30): all three tools live in ONE repo
# (frost-tools), so a single rev guarantees crypto-version coherence across them.
# Built in WSL2/Ubuntu with rustc 1.96.1.

format = 2
network_target = "NU6.3"                                          # Ironwood; mainnet activation 2026-07-28 (block 3,428,143)
reference_tutorial = "https://frost.zfnd.org/zcash/ywallet-demo.html"
ciphersuite = "redpallas"                                         # pass `-C redpallas` -> Rerandomized FROST

# NU6.3 / Ironwood readiness (Option A — clean cut at mainnet activation, 2026-07-28).
# FROST / RedPallas is UNCHANGED by the upgrade, so the FROST math is unaffected; what changes is
# the send path (the PCZT bridge + the wallet engine), which is rebuilt against a librustzcash that
# knows the Ironwood pool (V6 transactions, a new shielded pool).
#
# BUMP (2026-08-24): moved off git revs entirely and onto the RELEASED crates.io line. The workspace
# root now carries NO [patch.crates-io] and Cargo.lock has ZERO git sources. Every crate below is a
# published release, so the money path no longer rides on a moving, unaudited git rev.
#
# The linked (not invoked) librustzcash / orchard crate set:
#       pczt 0.9.3 · zcash_client_backend 0.24.0 (carries #2778, the ZIP-32 stamping fix for the
#       Orchard migration-dummy, which survived rc.6 into the final) · zcash_primitives 0.30.1 ·
#       zcash_client_sqlite 0.22.0 · zcash_protocol 0.10.5 · zcash_keys 0.16.1 · zcash_address
#       0.13.0 · zip321 0.9.0 · zcash_transparent 0.10.0 · zcash_pool_migration 0.1.0
#       orchard 0.15.5
#
# Why the two old git pins could be dropped:
#   - orchard `unstable-frost` (RedPallas spend-auth extraction, needed by konclave-signer and
#       konclave-wasm): published orchard 0.15.5 declares `unstable-frost = []` in its own [features]
#       table (verified in the crate source), so the zcash/orchard fork rev 3bd2b736 is unnecessary.
#       The two crates enable the feature per-manifest.
#   - the deferred-anchor work (zcash/orchard PR #535) that fork rev carried: RELEASED in orchard
#       0.15.2, so 0.15.5 is a strict superset of rev 3bd2b736, not a divergence from it.
#   - the interim librustzcash holds (42ffd0d, then 6c07e5f3): the crates they anticipated are now
#       published, and the rc versions 6c07e5f3 carried (backend 0.24.0-rc.6, sqlite 0.22.0-rc.6,
#       zip321 0.9.0-rc.1) have all reached their finals.
#
# ALIGNMENT (ADR-0002, checked 2026-08-24): zcash-devtool main is on the SAME released crate set with
# no patch table and zero git sources of its own, so producer and consumer now resolve literally the
# same crate artifacts instead of merely pointing at the same git rev. See [source.zcash-devtool]
# below for the one honest caveat (upstream 539ae81d needs a local patch to BUILD on this line).
#
# Byte-compat re-validated in-tree on the released crates: the konclave-signer and konclave-wasm
# Ironwood fixtures (a REAL proven V6 PCZT and its signed form from a testnet 2-of-3 ceremony) parse
# and reproduce byte-for-byte under pczt 0.9.3 (`inject_reproduces_signed_ironwood_pczt` plus the
# pinned sighash / randomizer values pass), so the V6 wire format is stable across the
# 42ffd0d -> 6c07e5f3 -> released-crates moves. Test counts on this pin set: konclave-signer 7,
# konclave-wasm 20, orchestrator 237, all passing.
#
# NOT covered by any byte-exact fixture: the multi-output payroll builder
# (`create_pczt_from_proposal` in konclave-signer). It is compile-verified and its call signature is
# unchanged, but no fixture pins its OUTPUT bytes, so a fee / padding / anchor behavior shift between
# the rc and released backend would be invisible here. Do a live dry-run against the reference
# devtool before any broadcast on this pin set.

[source.frost-tools]
repo = "https://github.com/ZcashFoundation/frost-tools"
rev  = "06c0dbdbb1bac9b99cd255e74ba2f387c295e660"                 # zcash-sign Ironwood V6 support (PR #593, merged 2026-08-12)
# Transitive deps are locked by the repo's committed Cargo.lock at this rev. At #593 frost-tools
# pins pczt 0.8.0-rc.1 / zcash_client_backend 0.24.0-rc.1 and an orchard "unstable-frost" fork
# (conradoplg/orchard rev 42015f15733b95e179189628d6fa34d92b5b3b8b). zcash-sign is invoked as an
# EXTERNAL binary, so this differs from our linked-library pin above; interoperation is at the
# PCZT wire level (pczt 0.9 <-> 0.8 V6 envelopes), not at the Rust API level.

# The reference Ironwood PCZT tool. Not invoked as a binary here — recorded so the librustzcash /
# orchard pins above can be checked against it (their patch set must match, ADR-0002).
[source.zcash-devtool]
repo = "https://github.com/zcash/zcash-devtool"
rev  = "539ae81d6e793d15ea6ed3fb4157973545e27326"                 # main HEAD as of 2026-08-22
# HONEST CAVEAT: upstream rev 539ae81d does NOT build against the released crate line unmodified.
# Its `migration` subcommand calls a zcash_pool_migration API that is ahead of the published 0.1.0.
# The local build re-pins the manifest to the released versions and puts that subcommand behind an
# off-by-default `pool-migration` feature. Konclave never invokes it (only `pczt create`, `pczt
# prove`, `pczt send`), so the gate does not touch our path, but the build is upstream-rev PLUS a
# local patch, not the upstream rev alone. Upstream it or carry it deliberately.
# With that patch its manifest and Cargo.lock resolve orchard 0.15.5, pczt 0.9.3,
# zcash_client_backend 0.24.0, zcash_primitives 0.30.1, zcash_protocol 0.10.5, zcash_client_sqlite
# 0.22.0, zcash_keys 0.16.1, zcash_address 0.13.0, zip321 0.9.0, zcash_transparent 0.10.0, with zero
# git sources: the same released set the workspace links.
#
# sha256 STALE - NEEDS A REBUILD RECORD. The value below is the 2026-08-22 build at the OLD rc pins
# and no longer corresponds to anything the workspace should ship against:
#   sha256(zcash-devtool, 2026-08-22, rc pins, STALE) =
#     045c32288b359caea337a1334dce60a813f9295a3b94eb8abf51a44a93965ce7
# A local stable-line build exists on the build host and hashes to
#   8c41afd3950d2b169c6880ef99a7d0c3c6e22061507115f789a1b5589c526153
# but it came from the locally patched working tree described above, not from a clean checkout, so it
# is recorded as an OBSERVATION, not as the authoritative pin. Rebuild from a committed, reproducible
# source state (upstream rev + a committed patch, or a fork rev) and record that sha256 here.

# Binaries produced from the frost-tools source above (sha256 of THIS build — see NOTE).
# Rebuilt on the build host 2026-08-22 at frost-tools 06c0dbdbb1ba; the sha256 below are the real
# values of that build (not bit-reproducible across machines — see NOTE):
[[binary]]
name    = "frostd"
version = "0.1.0"
sha256  = "b2b73023b813ea74f099ad710d35ff36bb5601b7bdd27ba4fce999dde097576d"
role    = "Coordination server (blind). Local dev: run with --no-tls-very-insecure. Default port 2744."

[[binary]]
name    = "frost-client"
version = "0.1.0"
sha256  = "0084243d4061bea422142d9cdf1bcf88f38dd7262bab28f02a6c664eb947a4b5"
role    = "init / dkg / trusted-dealer / coordinator / participant; contacts; sessions; --cli for JSON"

[[binary]]
name    = "zcash-sign"
version = "0.1.0"
sha256  = "27f58e7ceb6aa0405cc3d6e0947f999c21d1157206401b24fb71faddb02be5f1"
role    = "generate --ak -> Orchard addr + UFVK; sign tx-plan(Ywallet)/PCZT with external FROST signature (Ironwood V6 via #593)"

# Key transitive crypto deps of frost-tools @ #593 (recorded for audit; authoritative lock is that
# repo's committed Cargo.lock @ rev). frost_core/frost_rerandomized carry over unchanged by NU6.3:
[crypto_deps]
frost_core           = "2.2.0"
frost_rerandomized   = "2.1.0"
reddsa               = "0.5.1 (+git rev ed49e9ca0699a6450f6d4a9fe62ff168f5ea1ead)"
orchard              = "fork github.com/conradoplg/orchard rev 42015f15733b95e179189628d6fa34d92b5b3b8b (unstable-frost)"
pczt                 = "0.8.0-rc.1"
zcash_client_backend = "0.24.0-rc.1"

# NOTE: sha256 values are for binaries built on THIS machine; the build is not bit-reproducible,
# so the authoritative reproducibility anchor is (repo rev + the repo's committed Cargo.lock).
# Recompute these if you rebuild on a different host.
# zcash_client_backend is also LINKED into the Orchestrator/konclave-signer, now at the RELEASED
# crates.io 0.24.0 (no workspace [patch.crates-io], no git rev) - not invoked as a binary, and a
# different version than the frost-tools external binary above, which stays at its own 0.24.0-rc.1.
# That difference is fine: zcash-sign is reached as an EXTERNAL binary and Konclave only calls its
# `generate --ak` subcommand, which never touches a PCZT (interoperation with frost-tools is at the
# PCZT wire level, and only for the paths we do not use).

# ---------------------------------------------------------------------------------------------
# DEPLOY ARTIFACTS - the stable-line build used to assemble the hosted helper image (2026-08-24).
# These are OUR crates, built from this repo at the commit that carries this file, on the released
# crate set above (workspace has no [patch.crates-io]; Cargo.lock has zero git sources). Recorded so
# a deployed image can be traced back to an exact source state. Not bit-reproducible across hosts.
[deploy_build]
date        = "2026-08-24"
line        = "released crates.io (pczt 0.9.3 / zcash_client_backend 0.24.0 / zcash_primitives 0.30.1 / orchard 0.15.5)"
rustc       = "1.95.0"

[[deploy_binary]]
name   = "konclave-signer"
sha256 = "79ea4bc7053da4a90c8fba88c677c0f8703c95e1e3a32b0f53ce107778572133"
role   = "FROST<->PCZT bridge: extract shielded sighash + per-spend randomizers; inject the aggregate signature (pool-aware: Orchard pre-NU6.3, Ironwood post-NU6.3)"

[[deploy_binary]]
name   = "helper-server"
sha256 = "59fc9577f97f5d7d68433f74ea10aa7ebed367adc102b8bf58e0055f5a49a086"
role   = "hosted BLIND helper (ADR-0006 Rung A): registers a vault by group key, keeps a view-only wallet, builds/proves/broadcasts while the browsers sign. Never receives, derives, or stores a share"

[[deploy_binary]]
name   = "konclave"
sha256 = "e17a8b3d387f24166a45727d406a6eba881d8ab21083fc31eaba917aed97ab64"
role   = "local-first bridge (`konclave serve`, ADR-0004): loopback HTTP API + static UI"

# The external zcash-devtool used alongside them in the helper image, built on the same released
# line (its own Cargo.lock has zero git sources). See the HONEST CAVEAT under [source.zcash-devtool]:
# this build comes from upstream rev 539ae81d PLUS a local manifest re-pin and an off-by-default
# `pool-migration` feature gate, because upstream does not build on the released line unmodified.
[[deploy_binary]]
name   = "zcash-devtool"
sha256 = "8c41afd3950d2b169c6880ef99a7d0c3c6e22061507115f789a1b5589c526153"
role   = "PCZT suite: `pczt create` / `prove` / `send` only (Konclave never invokes `pczt sign`, which has no Ironwood path upstream - see zcash/zcash-devtool PR #238)"
