{
  "name": "@konclave/frost",
  "version": "0.1.0",
  "lockfileVersion": 3,
  "requires": true,
  "packages": {
    "": {
      "name": "@konclave/frost",
      "version": "0.1.0",
      "license": "Apache-2.0 OR MIT",
      "devDependencies": {
        "konclave-wasm": "file:../ui/src/wasm-pkg",
        "typescript": "^5.5.0"
      },
      "engines": {
        "node": ">=18"
      },
      "peerDependencies": {
        "konclave-wasm": "^0.1.0"
      },
      "peerDependenciesMeta": {
        "konclave-wasm": {
          "optional": true
        }
      }
    },
    "../ui/src/wasm-pkg": {
      "name": "konclave-wasm",
      "version": "0.1.0",
      "dev": true,
      "license": "MIT OR Apache-2.0"
    },
    "node_modules/konclave-wasm": {
      "resolved": "../ui/src/wasm-pkg",
      "link": true
    },
    "node_modules/typescript": {
      "version": "5.9.3",
      "resolved": "https://registry.npmjs.org/typescript/-/typescript-5.9.3.tgz",
      "integrity": "sha512-jl1vZzPDinLr9eUt3J/t7V6FgNEw9QjvBPdysz9KfQDD41fQrC2Y4vKQdiaUpFT4bXlb1RHhLpp8wtm6M5TgSw==",
      "dev": true,
      "license": "Apache-2.0",
      "bin": {
        "tsc": "bin/tsc",
        "tsserver": "bin/tsserver"
      },
      "engines": {
        "node": ">=14.17"
      }
    }
  }
}
